
Microsoft Visual Studio Solution File, Format Version 12.00
# Visual Studio Version 17
VisualStudioVersion = 17.8.34316.72
MinimumVisualStudioVersion = 10.0.40219.1
Project("{FAE04EC0-301F-11D3-BF4B-00C04F79EFBC}") = "sqlapp", "sqlapp\sqlapp.csproj", "{EF896894-FC0C-4CEA-BCE0-79E65A027949}"
EndProject
Global
	GlobalSection(SolutionConfigurationPlatforms) = preSolution
		Debug|Any CPU = Debug|Any CPU
		Release|Any CPU = Release|Any CPU
	EndGlobalSection
	GlobalSection(ProjectConfigurationPlatforms) = postSolution
		{EF896894-FC0C-4CEA-BCE0-79E65A027949}.Debug|Any CPU.ActiveCfg = Debug|Any CPU
		{EF896894-FC0C-4CEA-BCE0-79E65A027949}.Debug|Any CPU.Build.0 = Debug|Any CPU
		{EF896894-FC0C-4CEA-BCE0-79E65A027949}.Release|Any CPU.ActiveCfg = Release|Any CPU
		{EF896894-FC0C-4CEA-BCE0-79E65A027949}.Release|Any CPU.Build.0 = Release|Any CPU
	EndGlobalSection
	GlobalSection(SolutionProperties) = preSolution
		HideSolutionNode = FALSE
	EndGlobalSection
	GlobalSection(ExtensibilityGlobals) = postSolution
		SolutionGuid = {BB0C90DC-798D-4D73-B9A8-F3940BACA4E8}
	EndGlobalSection
EndGlobal
